
Microsoft Visual Studio Solution File, Format Version 12.00
# Visual Studio Version 16
VisualStudioVersion = 16.0.31727.386
MinimumVisualStudioVersion = 10.0.40219.1
Project("{9A19103F-16F7-4668-BE54-9A1E7A4F7556}") = "Interpreter1", "Interpreter\Interpreter1.csproj", "{7E4BD6F1-FCAB-4718-937A-397D63932D39}"
EndProject
Global
	GlobalSection(SolutionConfigurationPlatforms) = preSolution
		Debug|Any CPU = Debug|Any CPU
		Release|Any CPU = Release|Any CPU
	EndGlobalSection
	GlobalSection(ProjectConfigurationPlatforms) = postSolution
		{7E4BD6F1-FCAB-4718-937A-397D63932D39}.Debug|Any CPU.ActiveCfg = Debug|Any CPU
		{7E4BD6F1-FCAB-4718-937A-397D63932D39}.Debug|Any CPU.Build.0 = Debug|Any CPU
		{7E4BD6F1-FCAB-4718-937A-397D63932D39}.Release|Any CPU.ActiveCfg = Release|Any CPU
		{7E4BD6F1-FCAB-4718-937A-397D63932D39}.Release|Any CPU.Build.0 = Release|Any CPU
	EndGlobalSection
	GlobalSection(SolutionProperties) = preSolution
		HideSolutionNode = FALSE
	EndGlobalSection
	GlobalSection(ExtensibilityGlobals) = postSolution
		SolutionGuid = {C6F0C502-9EAA-4BC2-8C83-A2683B21B4D2}
	EndGlobalSection
EndGlobal
