
Microsoft Visual Studio Solution File, Format Version 12.00
# Visual Studio Version 16
VisualStudioVersion = 16.0.31515.178
MinimumVisualStudioVersion = 10.0.40219.1
Project("{FAE04EC0-301F-11D3-BF4B-00C04F79EFBC}") = "Bridge1", "Bridge1\Bridge1.csproj", "{228557FD-9B86-49CE-9274-707000136CD9}"
EndProject
Global
	GlobalSection(SolutionConfigurationPlatforms) = preSolution
		Debug|Any CPU = Debug|Any CPU
		Release|Any CPU = Release|Any CPU
	EndGlobalSection
	GlobalSection(ProjectConfigurationPlatforms) = postSolution
		{228557FD-9B86-49CE-9274-707000136CD9}.Debug|Any CPU.ActiveCfg = Debug|Any CPU
		{228557FD-9B86-49CE-9274-707000136CD9}.Debug|Any CPU.Build.0 = Debug|Any CPU
		{228557FD-9B86-49CE-9274-707000136CD9}.Release|Any CPU.ActiveCfg = Release|Any CPU
		{228557FD-9B86-49CE-9274-707000136CD9}.Release|Any CPU.Build.0 = Release|Any CPU
	EndGlobalSection
	GlobalSection(SolutionProperties) = preSolution
		HideSolutionNode = FALSE
	EndGlobalSection
	GlobalSection(ExtensibilityGlobals) = postSolution
		SolutionGuid = {DF22CDD1-2C01-4EF6-846E-614A3770814F}
	EndGlobalSection
EndGlobal
